
Microsoft Visual Studio Solution File, Format Version 12.00
# Visual Studio Version 17
VisualStudioVersion = 17.8.34309.116
MinimumVisualStudioVersion = 10.0.40219.1
Project("{FAE04EC0-301F-11D3-BF4B-00C04F79EFBC}") = "GitTry", "GitTry\GitTry.csproj", "{C80FF4EF-CAE6-4109-980F-6879F5771020}"
EndProject
Global
	GlobalSection(SolutionConfigurationPlatforms) = preSolution
		Debug|Any CPU = Debug|Any CPU
		Release|Any CPU = Release|Any CPU
	EndGlobalSection
	GlobalSection(ProjectConfigurationPlatforms) = postSolution
		{C80FF4EF-CAE6-4109-980F-6879F5771020}.Debug|Any CPU.ActiveCfg = Debug|Any CPU
		{C80FF4EF-CAE6-4109-980F-6879F5771020}.Debug|Any CPU.Build.0 = Debug|Any CPU
		{C80FF4EF-CAE6-4109-980F-6879F5771020}.Release|Any CPU.ActiveCfg = Release|Any CPU
		{C80FF4EF-CAE6-4109-980F-6879F5771020}.Release|Any CPU.Build.0 = Release|Any CPU
	EndGlobalSection
	GlobalSection(SolutionProperties) = preSolution
		HideSolutionNode = FALSE
	EndGlobalSection
	GlobalSection(ExtensibilityGlobals) = postSolution
		SolutionGuid = {FCEBF6B7-44C8-49FB-A242-5E26BA2B56BC}
	EndGlobalSection
EndGlobal
